{
    "name": "@muggy8/code-editor",
    "version": "0.0.0",
    "lockfileVersion": 1,
    "requires": true,
    "dependencies": {
        "ace-builds": {
            "version": "git+https://github.com/ajaxorg/ace-builds.git#8f460a7c7204fb5695bf4c9906fc307f30e5430e",
            "from": "git+https://github.com/ajaxorg/ace-builds.git"
        },
        "is-wsl": {
            "version": "1.1.0",
            "resolved": "https://registry.npmjs.org/is-wsl/-/is-wsl-1.1.0.tgz",
            "integrity": "sha1-HxbkqiKwTRM2tmGIpmrzxgDDpm0="
        },
        "opn": {
            "version": "5.3.0",
            "resolved": "https://registry.npmjs.org/opn/-/opn-5.3.0.tgz",
            "integrity": "sha512-bYJHo/LOmoTd+pfiYhfZDnf9zekVJrY+cnS2a5F2x+w5ppvTqObojTP7WiFG+kVZs9Inw+qQ/lw7TroWwhdd2g==",
            "requires": {
                "is-wsl": "^1.1.0"
            }
        }
    }
}
